
Microsoft Visual Studio Solution File, Format Version 12.00
# Visual Studio 2017
Project("{FAE04EC0-301F-11D3-BF4B-00C04F79EFBC}") = "ShootForTheStars", "ShootForTheStars.csproj", "{26BCEFC4-168F-2D30-9A9C-7A1B8B16C566}"
EndProject
Global
	GlobalSection(SolutionConfigurationPlatforms) = preSolution
		Debug|Any CPU = Debug|Any CPU
		Release|Any CPU = Release|Any CPU
	EndGlobalSection
	GlobalSection(ProjectConfigurationPlatforms) = postSolution
		{26BCEFC4-168F-2D30-9A9C-7A1B8B16C566}.Debug|Any CPU.ActiveCfg = Debug|Any CPU
		{26BCEFC4-168F-2D30-9A9C-7A1B8B16C566}.Debug|Any CPU.Build.0 = Debug|Any CPU
		{26BCEFC4-168F-2D30-9A9C-7A1B8B16C566}.Release|Any CPU.ActiveCfg = Release|Any CPU
		{26BCEFC4-168F-2D30-9A9C-7A1B8B16C566}.Release|Any CPU.Build.0 = Release|Any CPU
	EndGlobalSection
	GlobalSection(SolutionProperties) = preSolution
		HideSolutionNode = FALSE
	EndGlobalSection
EndGlobal
